
Microsoft Visual Studio Solution File, Format Version 12.00
# Visual Studio Version 17
VisualStudioVersion = 17.7.34031.279
MinimumVisualStudioVersion = 10.0.40219.1
Project("{2150E333-8FDC-42A3-9474-1A3956D46DE8}") = "01. Infrastructure Sub Layer", "01. Infrastructure Sub Layer", "{3D922D26-1A7F-4021-89BD-AF5DDCB99CDB}"
EndProject
Project("{2150E333-8FDC-42A3-9474-1A3956D46DE8}") = "Solution Items", "Solution Items", "{C5B32D13-B6C4-4B36-925E-F96E08BE4DCB}"
	ProjectSection(SolutionItems) = preProject
		build.cmd = build.cmd
		global.json = global.json
		LICENSE.TXT = LICENSE.TXT
		README.md = README.md
		version.json = version.json
	EndProjectSection
EndProject
Project("{9A19103F-16F7-4668-BE54-9A1E7A4F7556}") = "KSociety.SharpCubeProgrammer", "src\01\KSociety.SharpCubeProgrammer\KSociety.SharpCubeProgrammer.csproj", "{3B3765AD-E869-4D7E-8274-F63380F177B7}"
	ProjectSection(ProjectDependencies) = postProject
		{52455EFE-41B6-4C8B-97C0-DB796FE725B5} = {52455EFE-41B6-4C8B-97C0-DB796FE725B5}
	EndProjectSection
EndProject
Project("{8BC9CEB8-8B4A-11D0-8D11-00A0C91BC942}") = "Programmer", "src\01\Programmer\Programmer.vcxproj", "{52455EFE-41B6-4C8B-97C0-DB796FE725B5}"
EndProject
Project("{9A19103F-16F7-4668-BE54-9A1E7A4F7556}") = "KSociety.Test", "src\01\KSociety.Test\KSociety.Test.csproj", "{9FA670EF-B88A-4C77-AC07-1BE7D36110CA}"
EndProject
Project("{2150E333-8FDC-42A3-9474-1A3956D46DE8}") = "Samples", "Samples", "{4EE1D5AC-4198-4753-A277-FA7F730B5184}"
EndProject
Project("{9A19103F-16F7-4668-BE54-9A1E7A4F7556}") = "Programming", "src\01\Samples\Programming\Programming.csproj", "{22183711-7C44-40E7-B3CE-2B2CECBDE80D}"
EndProject
Project("{8BC9CEB8-8B4A-11D0-8D11-00A0C91BC942}") = "ProgrammerConsoleApplication", "src\01\ProgrammerConsoleApplication\ProgrammerConsoleApplication.vcxproj", "{8709E86A-F53A-4CED-B485-5D8A40FE9CCA}"
EndProject
Project("{9A19103F-16F7-4668-BE54-9A1E7A4F7556}") = "DummyLibrary", "src\01\Samples\DummyLibrary\DummyLibrary.csproj", "{5DD743B1-AB1B-4509-9930-2AEBF3541F98}"
EndProject
Project("{FAE04EC0-301F-11D3-BF4B-00C04F79EFBC}") = "ProgrammingLegacy", "src\01\Samples\ProgrammingLegacy\ProgrammingLegacy.csproj", "{3285B360-3124-4A10-8D51-BE29EBA68D33}"
EndProject
Project("{FAE04EC0-301F-11D3-BF4B-00C04F79EFBC}") = "QuickStart", "src\01\Samples\QuickStart\QuickStart.csproj", "{5702BE45-C9C6-476E-9AA5-836FF996B7BB}"
EndProject
Global
	GlobalSection(SolutionConfigurationPlatforms) = preSolution
		Debug|Any CPU = Debug|Any CPU
		Debug|x64 = Debug|x64
		Debug|x86 = Debug|x86
		Release|Any CPU = Release|Any CPU
		Release|x64 = Release|x64
		Release|x86 = Release|x86
	EndGlobalSection
	GlobalSection(ProjectConfigurationPlatforms) = postSolution
		{3B3765AD-E869-4D7E-8274-F63380F177B7}.Debug|Any CPU.ActiveCfg = Debug|Any CPU
		{3B3765AD-E869-4D7E-8274-F63380F177B7}.Debug|Any CPU.Build.0 = Debug|Any CPU
		{3B3765AD-E869-4D7E-8274-F63380F177B7}.Debug|x64.ActiveCfg = Debug|x64
		{3B3765AD-E869-4D7E-8274-F63380F177B7}.Debug|x64.Build.0 = Debug|x64
		{3B3765AD-E869-4D7E-8274-F63380F177B7}.Debug|x86.ActiveCfg = Debug|x86
		{3B3765AD-E869-4D7E-8274-F63380F177B7}.Debug|x86.Build.0 = Debug|x86
		{3B3765AD-E869-4D7E-8274-F63380F177B7}.Release|Any CPU.ActiveCfg = Release|Any CPU
		{3B3765AD-E869-4D7E-8274-F63380F177B7}.Release|x64.ActiveCfg = Release|x64
		{3B3765AD-E869-4D7E-8274-F63380F177B7}.Release|x86.ActiveCfg = Release|x86
		{52455EFE-41B6-4C8B-97C0-DB796FE725B5}.Debug|Any CPU.ActiveCfg = Debug|x64
		{52455EFE-41B6-4C8B-97C0-DB796FE725B5}.Debug|Any CPU.Build.0 = Debug|x64
		{52455EFE-41B6-4C8B-97C0-DB796FE725B5}.Debug|x64.ActiveCfg = Debug|x64
		{52455EFE-41B6-4C8B-97C0-DB796FE725B5}.Debug|x64.Build.0 = Debug|x64
		{52455EFE-41B6-4C8B-97C0-DB796FE725B5}.Debug|x86.ActiveCfg = Debug|Win32
		{52455EFE-41B6-4C8B-97C0-DB796FE725B5}.Debug|x86.Build.0 = Debug|Win32
		{52455EFE-41B6-4C8B-97C0-DB796FE725B5}.Release|Any CPU.ActiveCfg = Release|Win32
		{52455EFE-41B6-4C8B-97C0-DB796FE725B5}.Release|x64.ActiveCfg = Release|x64
		{52455EFE-41B6-4C8B-97C0-DB796FE725B5}.Release|x64.Build.0 = Release|x64
		{52455EFE-41B6-4C8B-97C0-DB796FE725B5}.Release|x86.ActiveCfg = Release|Win32
		{52455EFE-41B6-4C8B-97C0-DB796FE725B5}.Release|x86.Build.0 = Release|Win32
		{9FA670EF-B88A-4C77-AC07-1BE7D36110CA}.Debug|Any CPU.ActiveCfg = Debug|Any CPU
		{9FA670EF-B88A-4C77-AC07-1BE7D36110CA}.Debug|Any CPU.Build.0 = Debug|Any CPU
		{9FA670EF-B88A-4C77-AC07-1BE7D36110CA}.Debug|x64.ActiveCfg = Debug|x64
		{9FA670EF-B88A-4C77-AC07-1BE7D36110CA}.Debug|x86.ActiveCfg = Debug|x86
		{9FA670EF-B88A-4C77-AC07-1BE7D36110CA}.Release|Any CPU.ActiveCfg = Release|Any CPU
		{9FA670EF-B88A-4C77-AC07-1BE7D36110CA}.Release|x64.ActiveCfg = Release|x64
		{9FA670EF-B88A-4C77-AC07-1BE7D36110CA}.Release|x86.ActiveCfg = Release|x86
		{22183711-7C44-40E7-B3CE-2B2CECBDE80D}.Debug|Any CPU.ActiveCfg = Debug|Any CPU
		{22183711-7C44-40E7-B3CE-2B2CECBDE80D}.Debug|Any CPU.Build.0 = Debug|Any CPU
		{22183711-7C44-40E7-B3CE-2B2CECBDE80D}.Debug|x64.ActiveCfg = Debug|x64
		{22183711-7C44-40E7-B3CE-2B2CECBDE80D}.Debug|x64.Build.0 = Debug|x64
		{22183711-7C44-40E7-B3CE-2B2CECBDE80D}.Debug|x86.ActiveCfg = Debug|x86
		{22183711-7C44-40E7-B3CE-2B2CECBDE80D}.Debug|x86.Build.0 = Debug|x86
		{22183711-7C44-40E7-B3CE-2B2CECBDE80D}.Release|Any CPU.ActiveCfg = Release|Any CPU
		{22183711-7C44-40E7-B3CE-2B2CECBDE80D}.Release|x64.ActiveCfg = Release|x64
		{22183711-7C44-40E7-B3CE-2B2CECBDE80D}.Release|x86.ActiveCfg = Release|x86
		{8709E86A-F53A-4CED-B485-5D8A40FE9CCA}.Debug|Any CPU.ActiveCfg = Debug|x64
		{8709E86A-F53A-4CED-B485-5D8A40FE9CCA}.Debug|Any CPU.Build.0 = Debug|x64
		{8709E86A-F53A-4CED-B485-5D8A40FE9CCA}.Debug|x64.ActiveCfg = Debug|x64
		{8709E86A-F53A-4CED-B485-5D8A40FE9CCA}.Debug|x64.Build.0 = Debug|x64
		{8709E86A-F53A-4CED-B485-5D8A40FE9CCA}.Debug|x86.ActiveCfg = Debug|Win32
		{8709E86A-F53A-4CED-B485-5D8A40FE9CCA}.Debug|x86.Build.0 = Debug|Win32
		{8709E86A-F53A-4CED-B485-5D8A40FE9CCA}.Release|Any CPU.ActiveCfg = Release|Win32
		{8709E86A-F53A-4CED-B485-5D8A40FE9CCA}.Release|x64.ActiveCfg = Release|x64
		{8709E86A-F53A-4CED-B485-5D8A40FE9CCA}.Release|x86.ActiveCfg = Release|Win32
		{5DD743B1-AB1B-4509-9930-2AEBF3541F98}.Debug|Any CPU.ActiveCfg = Debug|Any CPU
		{5DD743B1-AB1B-4509-9930-2AEBF3541F98}.Debug|Any CPU.Build.0 = Debug|Any CPU
		{5DD743B1-AB1B-4509-9930-2AEBF3541F98}.Debug|x64.ActiveCfg = Debug|x64
		{5DD743B1-AB1B-4509-9930-2AEBF3541F98}.Debug|x64.Build.0 = Debug|x64
		{5DD743B1-AB1B-4509-9930-2AEBF3541F98}.Debug|x86.ActiveCfg = Debug|x86
		{5DD743B1-AB1B-4509-9930-2AEBF3541F98}.Debug|x86.Build.0 = Debug|x86
		{5DD743B1-AB1B-4509-9930-2AEBF3541F98}.Release|Any CPU.ActiveCfg = Release|Any CPU
		{5DD743B1-AB1B-4509-9930-2AEBF3541F98}.Release|x64.ActiveCfg = Release|x64
		{5DD743B1-AB1B-4509-9930-2AEBF3541F98}.Release|x86.ActiveCfg = Release|x86
		{3285B360-3124-4A10-8D51-BE29EBA68D33}.Debug|Any CPU.ActiveCfg = Debug|Any CPU
		{3285B360-3124-4A10-8D51-BE29EBA68D33}.Debug|Any CPU.Build.0 = Debug|Any CPU
		{3285B360-3124-4A10-8D51-BE29EBA68D33}.Debug|x64.ActiveCfg = Debug|x64
		{3285B360-3124-4A10-8D51-BE29EBA68D33}.Debug|x64.Build.0 = Debug|x64
		{3285B360-3124-4A10-8D51-BE29EBA68D33}.Debug|x86.ActiveCfg = Debug|x86
		{3285B360-3124-4A10-8D51-BE29EBA68D33}.Debug|x86.Build.0 = Debug|x86
		{3285B360-3124-4A10-8D51-BE29EBA68D33}.Release|Any CPU.ActiveCfg = Release|Any CPU
		{3285B360-3124-4A10-8D51-BE29EBA68D33}.Release|x64.ActiveCfg = Release|x64
		{3285B360-3124-4A10-8D51-BE29EBA68D33}.Release|x86.ActiveCfg = Release|x86
		{5702BE45-C9C6-476E-9AA5-836FF996B7BB}.Debug|Any CPU.ActiveCfg = Debug|Any CPU
		{5702BE45-C9C6-476E-9AA5-836FF996B7BB}.Debug|Any CPU.Build.0 = Debug|Any CPU
		{5702BE45-C9C6-476E-9AA5-836FF996B7BB}.Debug|x64.ActiveCfg = Debug|Any CPU
		{5702BE45-C9C6-476E-9AA5-836FF996B7BB}.Debug|x64.Build.0 = Debug|Any CPU
		{5702BE45-C9C6-476E-9AA5-836FF996B7BB}.Debug|x86.ActiveCfg = Debug|Any CPU
		{5702BE45-C9C6-476E-9AA5-836FF996B7BB}.Debug|x86.Build.0 = Debug|Any CPU
		{5702BE45-C9C6-476E-9AA5-836FF996B7BB}.Release|Any CPU.ActiveCfg = Release|Any CPU
		{5702BE45-C9C6-476E-9AA5-836FF996B7BB}.Release|Any CPU.Build.0 = Release|Any CPU
		{5702BE45-C9C6-476E-9AA5-836FF996B7BB}.Release|x64.ActiveCfg = Release|Any CPU
		{5702BE45-C9C6-476E-9AA5-836FF996B7BB}.Release|x64.Build.0 = Release|Any CPU
		{5702BE45-C9C6-476E-9AA5-836FF996B7BB}.Release|x86.ActiveCfg = Release|Any CPU
		{5702BE45-C9C6-476E-9AA5-836FF996B7BB}.Release|x86.Build.0 = Release|Any CPU
	EndGlobalSection
	GlobalSection(SolutionProperties) = preSolution
		HideSolutionNode = FALSE
	EndGlobalSection
	GlobalSection(NestedProjects) = preSolution
		{3B3765AD-E869-4D7E-8274-F63380F177B7} = {3D922D26-1A7F-4021-89BD-AF5DDCB99CDB}
		{52455EFE-41B6-4C8B-97C0-DB796FE725B5} = {3D922D26-1A7F-4021-89BD-AF5DDCB99CDB}
		{9FA670EF-B88A-4C77-AC07-1BE7D36110CA} = {3D922D26-1A7F-4021-89BD-AF5DDCB99CDB}
		{4EE1D5AC-4198-4753-A277-FA7F730B5184} = {3D922D26-1A7F-4021-89BD-AF5DDCB99CDB}
		{22183711-7C44-40E7-B3CE-2B2CECBDE80D} = {4EE1D5AC-4198-4753-A277-FA7F730B5184}
		{8709E86A-F53A-4CED-B485-5D8A40FE9CCA} = {3D922D26-1A7F-4021-89BD-AF5DDCB99CDB}
		{5DD743B1-AB1B-4509-9930-2AEBF3541F98} = {4EE1D5AC-4198-4753-A277-FA7F730B5184}
		{3285B360-3124-4A10-8D51-BE29EBA68D33} = {4EE1D5AC-4198-4753-A277-FA7F730B5184}
		{5702BE45-C9C6-476E-9AA5-836FF996B7BB} = {4EE1D5AC-4198-4753-A277-FA7F730B5184}
	EndGlobalSection
	GlobalSection(ExtensibilityGlobals) = postSolution
		SolutionGuid = {7D151E62-C748-4733-BFAC-CDAD83F0B9A8}
	EndGlobalSection
EndGlobal
